
Microsoft Visual Studio Solution File, Format Version 12.00
# Visual Studio Version 16
VisualStudioVersion = 16.0.28803.352
MinimumVisualStudioVersion = 10.0.40219.1
Project("{FAE04EC0-301F-11D3-BF4B-00C04F79EFBC}") = "MrJobProject", "MrJobProject\MrJobProject.csproj", "{8ABC15BC-A597-4B95-8020-1D659D150D39}"
EndProject
Project("{FAE04EC0-301F-11D3-BF4B-00C04F79EFBC}") = "MrJobProject.Tests", "MrJobProject.Tests\MrJobProject.Tests.csproj", "{FE686865-2F58-498E-BA33-2C7D14B95BFA}"
EndProject
Global
	GlobalSection(SolutionConfigurationPlatforms) = preSolution
		Debug|Any CPU = Debug|Any CPU
		Release|Any CPU = Release|Any CPU
	EndGlobalSection
	GlobalSection(ProjectConfigurationPlatforms) = postSolution
		{8ABC15BC-A597-4B95-8020-1D659D150D39}.Debug|Any CPU.ActiveCfg = Debug|Any CPU
		{8ABC15BC-A597-4B95-8020-1D659D150D39}.Debug|Any CPU.Build.0 = Debug|Any CPU
		{8ABC15BC-A597-4B95-8020-1D659D150D39}.Release|Any CPU.ActiveCfg = Release|Any CPU
		{8ABC15BC-A597-4B95-8020-1D659D150D39}.Release|Any CPU.Build.0 = Release|Any CPU
		{FE686865-2F58-498E-BA33-2C7D14B95BFA}.Debug|Any CPU.ActiveCfg = Debug|Any CPU
		{FE686865-2F58-498E-BA33-2C7D14B95BFA}.Debug|Any CPU.Build.0 = Debug|Any CPU
		{FE686865-2F58-498E-BA33-2C7D14B95BFA}.Release|Any CPU.ActiveCfg = Release|Any CPU
		{FE686865-2F58-498E-BA33-2C7D14B95BFA}.Release|Any CPU.Build.0 = Release|Any CPU
	EndGlobalSection
	GlobalSection(SolutionProperties) = preSolution
		HideSolutionNode = FALSE
	EndGlobalSection
	GlobalSection(ExtensibilityGlobals) = postSolution
		SolutionGuid = {8EA98C58-B93D-4262-A619-D8027933FD35}
	EndGlobalSection
EndGlobal
